version: v2
locks:
  f/__init__: b5f3d369d61cbb0825bf76764a6c1eefa112f83e79317408919e878788a3b0b1
  f/admin_honorifics/_honorifics_logic: 56033e52aff5857efe9ba2b9af9d8967cf8fa65eac05500506439f9a0841fb5f
  f/admin_honorifics/_honorifics_models: f8816be04fe2639b6b2c7b49f9eec1faaf375a35cfdb2b113358d759b027f4c8
  f/admin_honorifics/main: 1ef610b743ec11777ad2b66f6b7fc564e3b27718ad4896a191537762fa687b6c
  f/admin_honorifics/services: 51a0d65bcd2e6785ef143d27133a637a840ad80b12a4379b11ff8cfca644c9ee
  f/admin_honorifics/types: e415378229300cdb20e983a48f9f09c040e27c6a38202160c90cdcd9ffc5722e
  f/auth_provider/_auth_logic: cd9362cd22bd8988f5fde7a49cc4bb2685127616570cd14aa818262f8c411f2e
  f/auth_provider/_auth_models: eba24a4e508587937bcb7ce86196f0fc658fe1f2bb9226fe5491f0cf5739c003
  f/auth_provider/main: 455d2f720536fc563dd49e97e1819e7194adae0d62c0287938e0fec673e2ebb7
  f/auth_provider/services: c96a96ab732ba73bb73c0cd01f6fd47940f9b8b607cab5aae59940b6b320082e
  f/auth_provider/types: 230c12a920fba3db2757de77424f6442436b6eb6653503cdc403553249c85cb1
  f/availability_check/_availability_logic: 602ce7f5c2d154c205e9cd33d4236f48010d9873cfb5017cc99eb98bec6fc568
  f/availability_check/_availability_models: e07a8aa7726747f9334964116ee1e148f9d6277259ea1a223d61b61afcd9c56f
  f/availability_check/main: fcc4ab28aa4bb9a7266abf85f69c64b15331cf5e35a12d77ba13d0389fde6dc7
  f/availability_check/services: bc514184698bda3fabcc8d1eff9dd721e38758b18c0fbd47b1ee0ed252f1691b
  f/availability_check/types: f5ff72874db0b13e77ece9174fc3540c54ff042785fc643ee9a242e4da315ffd
  f/booking_cancel/_booking_cancel_models: cb4b41f644d4df381d0a22ed97f5386716eb41b97a7e4e0cc98ebcc68d6d5731
  f/booking_cancel/_booking_cancel_repository: f03e14355cf372c127d40ce448e2c283183d22e472ea9aa90c054c6bd4249bd1
  f/booking_cancel/_cancel_booking_logic: 7c1ec8f4a7018b5ffda23d3a26c2316b2d133fb8d5c0e3453084632bacc89360
  f/booking_cancel/main: 738e34f5d3519d4855b00d8d00d5bb415d44002ece72295b041b8d097a4934a1
  f/booking_cancel/services: 884a04c06b45511f1708bde304ce763bfdc226d947dd5987102678c1059fd13a
  f/booking_cancel/types: a0ee581bf463d45d0ecf70422247eff4652be348df5d4c265be17e191721b41f
  f/booking_create/_booking_create_models: 166ce27e24cdd4c70bc2cd6c8a990d6f30166ea5b0443ae444031e95cde70f95
  f/booking_create/_booking_create_repository: 9be59bfcbfbede0a5be1c2a2e65810796e8c4f378402d40a47157e4fa144169b
  f/booking_create/_create_booking_logic: 3df766c7b3fc1a318a9ec5bf41a146c95a4d365c1c004f6f53cc49a4ca08c60a
  f/booking_create/main: 2bdae617fea60fedf6527c98cd5fae2912790884ac4a5a77bc27fef059bde3c9
  f/booking_create/services: 26eb72d61da4547de728b52524021e52cf2674a64f56bd63dbc7cede562d3af7
  f/booking_create/types: b5df157f305a1a27877b2fcfcfe5e4db85f95460a17dc4c7535a334ffb9b354f
  f/booking_orchestrator/_context_resolver: 34fa7c83d30e7255e3b67371abd24d05df12f7114fb6410b07413e8f4f669c0e
  f/booking_orchestrator/_get_entity: f502bf794b0df6d16e3ae586a7d78d8a40019a4deddf2b2851a2fed2cd37693f
  f/booking_orchestrator/_intent_router: 0534ecdc3b5fafff723a1f831b449436f8f7ed8d7a0899dea1679af6b755567a
  f/booking_orchestrator/_orchestrator_models: 6cf1ecef4c55d98656a66670a24823a188cedfb58dff3764b33b1192a52d69a1
  f/booking_orchestrator/getEntity: 366258649bc71a25e2dd7f17ab7e48dceda6da1d25f9ffc16ed736459fc661ad
  f/booking_orchestrator/handleCancelBooking: cb52fc972f8a0005126d498cd7e5805b419a01ded9433698c9e036068b659eb9
  f/booking_orchestrator/handleCreateBooking: 849e80c548b213dd801d5fe16489574fb62c7b359f91eb4dd37b742b32998af1
  f/booking_orchestrator/handleGetMyBookings: b3c8e18fe42e34c883413c24fd1f3c2c545c11de062496d5d9f81ef0f6c3fa75
  f/booking_orchestrator/handleListAvailable: 314673440b73870e5b70633084847816a0a0a785c70fa4e672fe38981a41b6a6
  f/booking_orchestrator/handleReschedule: d42967b126defdc7990db17003019f5de03cd51cede6d5e96c388f2e2313499c
  f/booking_orchestrator/handlers/_cancel: 45dcc092eec1c607e3386cbc96bf8a1905fcd2826c3900864a6894445aae737b
  f/booking_orchestrator/handlers/_create: f94d6d639f44298574c833168d420ea10291d41d0a933c2de95ae363363b5864
  f/booking_orchestrator/handlers/_get_my_bookings: 6f9d0678b8f0635a42941d29b7cb0dd0eb9459a22f39fb8f43d3159a176c97ee
  f/booking_orchestrator/handlers/_list_available: 4d79d462d7c764e0b75e3abbc9d11e258dcafb59cc1b7727b4b211e7bd3fe89d
  f/booking_orchestrator/handlers/_reschedule: 518fe1e29c4ca8ad593ed9b7e9f516fe7bed74a7450e8547550cce3b16366ba5
  f/booking_orchestrator/main: 7da5cf02ef09419284cb9ddce0cdbd4ffcf44e4b5fdadbe7c801798af0733c70
  f/booking_orchestrator/normalizeIntent: 098179035d06f87b2312e07f3c95d81d934167dcc9fd6cbf05ef3d481b4ef2a5
  f/booking_orchestrator/resolveContext: a9d32546be6eb23f8602fc0fca5d7eb0c147fb02623a79afdb92ed55d53408c8
  f/booking_orchestrator/types: 63880c4270cb4ec61dcb78ed9880f761ee5c52ba62e350c21a3666d9b2d43518
  f/booking_reschedule/_reschedule_logic: 5fbf0fd5ed522efd5c4b56c686fb0175daab11441e8e7e23cf44b058cfb90387
  f/booking_reschedule/_reschedule_models: 30e977891436b0d6d2bc49ecadd98e48d1acc6e88955a6c4368abcd1cb79c93c
  f/booking_reschedule/_reschedule_repository: cc35adadc7e37dc2a41a43157629c1e6c50d81434f1a508cd00e629227b980a6
  f/booking_reschedule/authorize: 5034f07b9d37c30a87c81f4ee0a79e5c499ebacd89526e686e73b1c77d4ca648
  f/booking_reschedule/executeReschedule: 3b1c352f2c302fe80dad03df4227f674539c30a032b4d7958fc4e02a8be3ae0a
  f/booking_reschedule/fetchBooking: d5bcea0dd5dbf8b59f3bbbdf63602a58d98c1157f6c1dd35e6eaa5aec030512d
  f/booking_reschedule/fetchService: db4b8423f2eb5027a8b8619919946e1d91ed656fc34b217964b8b71cb41dea4a
  f/booking_reschedule/main: 2153c1bdeccd68972a0060dbba0c481ad592892be4d05b8c9f628a95c3cd8e64
  f/booking_reschedule/types: cd55d1b283fd6dbe40e808f30f0c9832aa6c81f8acb237215fba3e2a4e1b0508
  f/booking_search/_search_logic: 95275bcf90f628ffdb3b3a726bc421d5cf25e8bf4a13035e158d1af64370d12d
  f/booking_search/_search_models: 08e2a54eb277d1557663afa0a6c4837781e8af7e45a6b75e791d392d1c4d3795
  f/booking_search/main: 4b72420698b25971e6039801239140e49af46d1aa68628d3b43662ea795e0488
  f/booking_search/types: 9aaa0ed846482e5059338ee8d81de58eff7e3cc29aacf8377a19e8ba2ea22645
  f/booking_wizard/_wizard_logic: 1de4de7026093639b71fb2592a4143d65122f67be05cf78f1622d87e47008819
  f/booking_wizard/_wizard_models: e60362f49494edb8233d2624c8c594d4713e8d2d5f64ac2b2f0455bcb2eaf5e3
  f/booking_wizard/DateUtils: fce3d4a49ea3e942a3b374fbe597788d84d307dd842f26cbdcc1e215580ddea1
  f/booking_wizard/handlers/BackHandler: 641947a59e58d91460f3e5bc91bfab1ddcad3abc4dc54570739c7bc9cdf6abc7
  f/booking_wizard/handlers/CancelHandler: e16ae025935754ca0cb3ff8fe21beb0a1c8c6606b9674b49f40596579f65301d
  f/booking_wizard/handlers/ConfirmHandler: c16df54a0426446a6781278e3b7b7acb1afe298b8a0f981891cf74ee08e58ca7
  f/booking_wizard/handlers/SelectDateHandler: de50000f9821d9122f4a4c522c210dbc085b4039f5a030e58c9c0a15f1fa5f97
  f/booking_wizard/handlers/SelectTimeHandler: 0d65618cdb71cd164e2d23212fc5e3f74db04e76cc840444a1ebbf4968d83416
  f/booking_wizard/handlers/StartHandler: 96eea7a1f657f1dd951199aca010879867812e7e995a3db91cb011aeebf7bcf5
  f/booking_wizard/main: 43d11163b4fadd06968e11db724dd0e5fd7b4203e1ea96c7cd9a2d1f995fbe52
  f/booking_wizard/types: cfe6c753b5ccd25a99972aea49e42292c05732a4dded827781e9a163361a26a9
  f/booking_wizard/WizardRepository: 4d6844c41a779555d6d5c7787f24ed726693d54ef4fa9a9c47425217764c51c9
  f/booking_wizard/WizardRouter: 9c753d5c7246ed02fd0f9db4e021161b478a4583a7c1f9c028734e53ade278f2
  f/booking_wizard/WizardUI: 861cd18af85de28586ee2e9b7fdba14e116018043c5c63f21d52ed9f4983ba50
  f/circuit_breaker_check/main: e9db5bf6f184148733c3438e2499ddf085e17b65d26942fc7f2dbcf6412da6b1
  f/circuit_breaker_record/main: d1f1206fe95626c0011ee30cbe9ee92456598283b20cad3ed6492a1884f5ecc3
  f/circuit_breaker/_circuit_logic: 110c78327d254f73317495e8a5c949c7a01dd6fc019dbad93b0bd10d76108e27
  f/circuit_breaker/_circuit_models: 534a61f7f5cae7c135226b3eeeddefe1277db42447b27b3476b13ef392cb9557
  f/circuit_breaker/getCircuitBreakerTx: 7038501d5709ef1e23a97736fd2173c78db195e01f3643aca8b99db204c9a61e
  f/circuit_breaker/getState: 6c92bac2d4f9e28bbb21f7b4858a4a3012a4956446a9916b18a8f8ab17f2df76
  f/circuit_breaker/initService: 33f931911e940729e63e23be074e8dedaacf46a78a9a30842ca8d59d06bddd60
  f/circuit_breaker/main: 97e22396cdd07adbbbf28fe5eb22be51ba1e2d120b73ead1ea535b24f78e7b1f
  f/circuit_breaker/types: d62e92672f7859b5845832b75d74087bf76312453cd2291a5daddaff3525ff22
  f/conversation_logger/_logger_logic: 2821a28a325acebd47220988d97d1fe2f6390f2949372ef2e0bef4e9ff0170c6
  f/conversation_logger/_logger_models: 217b7b257447f4b342ed991c7037232c8c72c4f3f2c5751f1c81099f681370fb
  f/conversation_logger/main: fb1f3b5f223f54c01f4fd0c62de4e78dfaaff6674420ef846ff5a882b322a0cb
  f/conversation_logger/services: 6d313163c03fb8baebc03dc6462287adef3d3ce767abaee4cf0dc5476d629063
  f/conversation_logger/types: f0656a42ea8c90c50c51d8e985f00b6df56795cd6ec55cbd9d1c873f02c6b11c
  f/distributed_lock_acquire/main: 7dc2141f4ebe0ea50943d6d813ad11abbd493a50c103fcd7d27dccc03ae3d1f0
  f/distributed_lock_release/main: 57a39dfcfb29f157fd7146d2d6d69059b3c63e8250c57a4e5f2db9298855b5d2
  f/distributed_lock/_lock_logic: f8df07bd21428e9f5506be01f5fde2aa1fff83cc9a23c19f425550b7b492b7cf
  f/distributed_lock/_lock_models: 48c346f14a72682e291bfa84bb98db9d75d10f37556fcf2579fc9082bef0063d
  f/distributed_lock/acquireLock: 009ca827f48ebfd1b570eecc6a8b194cd3a996977a98524c0d185d552c310e23
  f/distributed_lock/checkLock: 43c63cf54c584c20955d00ba0fb506b86f823a5c750607d93a9b84b09d5583a6
  f/distributed_lock/cleanupLocks: dd5b5ecb8f0211c800fea7465f0ca494264e089b5218c69f37de6877a1ab1473
  f/distributed_lock/executeLockAction: f8559ca5b4948930fb2076ff3def5437983b64d83ac5b61619fda25c2c10c35f
  f/distributed_lock/main: 558dd315f1837ad13e8c8adabf8cca9e129fb144da4344bffa6a296d8db50768
  f/distributed_lock/mapRowToLockInfo: dbb7d659c003798a9fc9937a79d55c085a1b67a4279432ac59567f4dbe9a3982
  f/distributed_lock/releaseLock: 2af463c7b59a57606d89a36d7f36c2ed80c0bde5c08ba6537832c0a7b9ca8c6c
  f/distributed_lock/tryInsertLock: be82655bac2fa7be5f8bbd7f23b852302de45c27c9a5ee6697e5e81dacb81ec3
  f/distributed_lock/tryStealExpiredLock: 7622fdbd0d17c764edbc2202c24e30f42b6b9ec56a153d7989db31c7096b8e69
  f/distributed_lock/types: 5ded3f4371cafe7dfb4c7ae588414c5cfded057801f584903dffa8a5aa8f6b6f
  f/dlq_processor/_dlq_logic: d2642cbd977ef8532e7ada0213a625f16ef17df92f4394a29ef5083b760852e0
  f/dlq_processor/_dlq_models: db6cb43b0b2fb096eb11acdf6d9bad31f6e8e35c3a1864a222b19f07cc85fb51
  f/dlq_processor/ActionInterfaces: 9441f07993ceeafffb7bfc60c0352d918caccd265e486ae19dc5134bab382923
  f/dlq_processor/main: d6b42e4564182dc032a9cdbee0a0c36487c48ef20adc8d0ccf32b205925deb98
  f/dlq_processor/services: 3c368ef3ffad2a72b4eefa51dc0e22966967f94211c69c0ec68736041c21e948
  f/dlq_processor/types: 78ea287a2361e656b99a0cf2e77499b962859163db8ada86e5958d9991295408
  f/flows/booking_orchestrator__flow+__flow_hash: 44136fa355b3678a1146ad16f7e8649e94fb4fc21fe77e8310c060f61caaff8a
  f/flows/db_find_next__flow+__flow_hash: 81b66ad62016ef49da093657212a951f9deb6cbb5843a379dad08fd17c54a78c
  f/flows/db_find_next__flow+format_availability_response.ts: 35d653d2252ab33fc3bbb09affb5cd60218c78d1bee7dce11ccbdfaa58edd51c
  f/flows/db_find_next__flow+handle_validation_and_search_errors.ts: 1c04815b6fa4b42575205645408dfa575a5cdf5de645d9f32287d444db28032b
  f/flows/db_find_next__flow+pass_validation_errors_to_error_handler.ts: 31eb087e2d4a844a94af1d4f42805999cd7089e84d56c8014a72edadc4bcde0d
  f/flows/db_find_next__flow+validate_provider_id,_service_id,_and_date.ts: 4df58728304e51090817e6d10827373d775b53162e40b2bf5e750dbaa5a2a6ac
  f/flows/reminder_cron__flow+__flow_hash: 4e92936306ac19a75622c86759cddab8d600c12ae1a9c33fb0e38bc0cabc8524
  f/flows/reminder_cron__flow+fetch_pending_reminders_from_database.ts: 801c0d83c74606e4af7330c2e0235580623df3619ab30c07d703035695d8de3d
  f/flows/reminder_cron__flow+format_cron_execution_summary.ts: 464fdae5592fe4f12377f04e9582fbc1bb92fbefa37878f1cc6085527a853c4d
  f/flows/reminder_cron__flow+handle_cron_errors.ts: 7cbe7ca7de9d67770be30a67f76da6e11f6d9087f98bc9ced0a69bd0ec20a130
  f/flows/reminder_cron__flow+mark_reminder_as_sent_in_database.ts: 3a488052781d806d633baa09ffe367116fcd412a804fec41cd24ab07e8eae162
  f/flows/reminder_cron__flow+process_each_reminder_and_prepare_message.ts: 875f14a7ac837fcb133b84448ed6979b98128a0254e62664c0a45663cbe00180
  f/flows/rollback_handler__flow+__flow_hash: f69b9e0fd13a9cfacddc4fa538d1a417dda7be1c1b318ad33053b4b270d46709
  f/flows/rollback_handler__flow+build_rollback_response_with_step_results.ts: 3894dfeaf0b6339ddef7bfa52fad65044b4d112f221e0a8ae9b2bffe90ecaa99
  f/flows/rollback_handler__flow+handle_rollback_errors.ts: b2a1e74b2f45ee0b9181c8963bcd995d6f099c86b772d1bb565c7157a7373787
  f/flows/rollback_handler__flow+pass_validation_errors_to_error_handler.ts: 31eb087e2d4a844a94af1d4f42805999cd7089e84d56c8014a72edadc4bcde0d
  f/flows/rollback_handler__flow+validate_rollback_request_and_prepare_payload.ts: a41c059795fa481d08273fdeaf346a1f45f1aaf631f6351d9fd945f215aa470b
  f/flows/telegram_webhook__flow+__flow_hash: 44136fa355b3678a1146ad16f7e8649e94fb4fc21fe77e8310c060f61caaff8a
  f/flows/telegram_webhook_v2__flow+__flow_hash: 1cc8767bd0cd4712116a556e77aa1f4b430d2f4cba7977b12e311e511aaa94bd
  f/flows/telegram_webhook_v2__flow+check_parser_error.ts: 5d7622d7bb741d21ed4c79a960b871f402143c3116c93eada8b0a694e095e17f
  f/flows/telegram_webhook_v2__flow+telegram_webhook_trigger.ts: 68db86d814a64c1cd8b2488dcf0edf35d888d79abb5802cf3aae32b9ffd60f9f
  f/gcal_create_event/main: f81812a2a47e0bc2e46410dec13452c90b3a961a1c01084c18aa494c86339c4a
  f/gcal_delete_event/main: 404b49e6cf03aa9dcf72eb61c6ef70030c64782324cbf9eff6601b9a24bad7ed
  f/gcal_reconcile/_reconcile_logic: 408fc8c7b59a1244b189ef04e4ca13111aefae26d44c78d640f91a9fda92b7ed
  f/gcal_reconcile/_reconcile_models: 6e48034412d7e75495ef89e4f0c2763b91a3e5fca0f7f9f10f95596ecbf776eb
  f/gcal_reconcile/main: 7814353a3745010b73da54d4354ed82106dd45a722406304a2ae0ddfeb05b517
  f/gcal_reconcile/services: e02ce55cba46e916657077e456b7ee3a8f5b8400187dd41b70a335488f443da3
  f/gcal_reconcile/types: 70cd40e1d650853f04c32eb34a39905e519d460fa78379bfe3d33d801762f318
  f/gcal_sync/_gcal_api_adapter: 91f26dce00e7b49ecddfe1763e88f1de7c828449be724a575a3f71f9b084c66f
  f/gcal_sync/_gcal_sync_models: 67848f1b44402b830b66320f001245f3eba41236db3a4ea9bf1e156305941b26
  f/gcal_sync/_sync_event_logic: a511a7f4d3455cfa77ffed5f5b6cc8324eb4ecf87004a81d08c95d66f3d80ea7
  f/gcal_sync/_update_sync_status: a0e1e78b68a2120b794c7c98dc94cb9329c0d9a99e2765effb2a146275ca84df
  f/gcal_sync/callGCalAPI: a81ed57874c3a0e71c403932fdb0b1c8e289fabf72f5ccee38ad46fdd28ff090
  f/gcal_sync/fetchBookingDetails: 01fb070b8699af5b3e4c40e41684b22792a4d6d233974a691b930523def614d7
  f/gcal_sync/main: 9238aad48c4b2fc3f190c29637de7b8fe0b49490702466e23dd0ffa250c5f641
  f/gcal_sync/syncEvent: 56ee4dce6c4ec3b1c7fb92a64f5d5e38837872a14e114b2cb4a5aa411307fbd7
  f/gcal_sync/types: b12d8702108b3c29559d918f5495da00fa6cc2ef88659a7fabd1edd692c94e89
  f/gcal_sync/updateBookingSyncStatus: a59eb26b6f19af24a1c92f7838ebb5950b30b515e506c03cdf59b8784162738c
  f/gcal_webhook_receiver/fetchCalendarEvents: a2783027284fc4aeb79daa6c146ceda8601370533c62bde6118fb660eb1ed1b6
  f/gcal_webhook_receiver/isGCalEventsResponse: d9227e283f39e88dbead89ea355af2dd3f700056a4fd7b78450ddf391232fa5c
  f/gcal_webhook_receiver/main: be94cd3a60170bffd64641cb477e322e86b7ea052b6f8cff7f09d6799d069202
  f/gcal_webhook_receiver/types: 4a6a5584c4d339253eac5084bdc1887c372fb98a2bb42daa7407ddb56c8f9bc9
  f/gcal_webhook_renew/main: 8e670ea274d46a6cdf791923a4b22ba3ae6b17b02e9bcb7c7a869f85f71235f0
  f/gcal_webhook_renew/services: 28fe36fe145eedf8fd93e77df4c5c078ef150ba3bc1707d4d11c4b779fe24707
  f/gcal_webhook_renew/types: 87b267bdaef821eed9e0e75b426a7e5e8ca8ced5f364f6346b9724945226cce9
  f/gcal_webhook_setup/main: b1a0c10d24e88942c26a06c011b1921cb98a8ef0857f11f74b154b3408a4e4b8
  f/gcal_webhook_setup/services: ced2e925c14f4487c6f92f851ccac5d32711b360ec4fbab61580679defb99206
  f/gcal_webhook_setup/types: 416020c3f38ec9c1e2458e0e7d7ce582bd37adf489d4cf35cf705c4fc9024513
  f/gemini_test/main: 5564735f6376b0726d73cd8845ec2e44312e2944418543bdfc43eb1b80293400
  f/get_providers_by_service/main: ecf2beb79d285ae4f1e6ac1d2600e2cf9d3e19107df0ed4a3fa270392529bc08
  f/get_providers-by-service/main: 2cba4744d893a00bca1ce2da749e90242b7859363e0294b0db428258bb6dc102
  f/get_providers/main: c19bc3efc62f6e39091fa70b7631077688e50c3b05178e405999c04dbee60747
  f/get_services_by_provider/main: 39a864a8bc89f7a7014927fdf47f11e9986cab3d0017464c46158c8491bbaf0c
  f/get_services-by-provider/main: e049fa6dc0dd978f42880caed50395b4f0dc38cdf5ca450fabd9f929ded8ce06
  f/get_services/main: e31230fe1cba4afb489f8356532f272d86cbfdde302465f1dfacf43246f69e37
  f/gmail_send/_gmail_logic: 1e4dbac875ff15b06bacae7025b3a5fffe5c02cb66b83ba9ba296468b03e5ff4
  f/gmail_send/_gmail_models: e350b2677d4478afc5ab3ff78bdfd5814d1caac96336c597ce819f77e4e5fa15
  f/gmail_send/main: 90a3c64dff5c8ca31e8b5378f60b97cdb8e8167fb204d8b04413686123cf3322
  f/gmail_send/services: 60b6e5539db245b5290cbf7680fd19eb4166816b2c06a4e2d6b34904e7f88eae
  f/gmail_send/types: 18143f064e4aea552d058433298bf33c8ccfb703f1ae4d6e5bb6b7ee7b62096b
  f/health_check/_health_logic: 1310540a06bf5b262b7128d28c812d8bdf6dac6a8f95d2f6743fd705b4a0413b
  f/health_check/_health_models: d0c045539dc098148b206c4c1bd8f86fb0fb36515fa44011b2f75a1b05b4dc7e
  f/health_check/main: 34b0050f340f26cc891efc9fd2c046df062fd3ce16935cc1fbb0c17d1fa7a4a6
  f/health_check/services: 805e16d0280317950ab7a514463db40f041e604f5be0aaf3a7e24a5b7aabda6f
  f/health_check/types: 93047f04c40781de0770a95e251993b3627bb2d4253f58ea616e728eeff9f515
  f/internal/__init__: 7e1a3e17195a95b5ed53cb330d73a5b5e4a9b49af4c12dddbad89c951e107c8a
  f/internal/_config: c0abe203d35f147f33bf1703b73c47e7e95e3254eb79b79cb8882886a89db5c8
  f/internal/_crypto: 303ee3944082a13e7f504a7a706392ea9f3061a64680d4ff2d5ac8a54607b3f4
  f/internal/_date_resolver: a882f3ab2e978c9dac18149516660bf5338aad8b9938e4175e092bdd05cb167b
  f/internal/_db_client: 8f083e5872a844bbdfc85cca416d12dabd6cf3ac0284babb68bd68465ed4989f
  f/internal/_result: 2dc7a44a3a58b6e11b263db6cbd98dbc18cdec0ed423f19d77cc472fc38b5044
  f/internal/_state_machine: 41dbb4b06f573c7289f42c0cd8701e8435326de2f9930be6f25ef118f773f9da
  f/internal/_wmill_adapter: b01e9258f2b509ccbc796abcfbd8c0ba27497d64e3cf866854289b4a2f96de9f
  f/internal/ai_agent/__init__: c3b6cc2ab1197e686d39d5318b1143746da3f8b9f6adfc1d0ebcf07299c914b7
  f/internal/ai_agent/_ai_agent_logic: c76b8f347c0984893b628b36729f39ac167b75cfe37525a23d11f62cee1fac9e
  f/internal/ai_agent/_ai_agent_models: a8da13eb52cfe172cde083daa4642c439bf36caba330bd6beb807cd70fd93fe6
  f/internal/ai_agent/_constants: 0403f8e897d6ebebbde1c50dfdcbd48e3dab0f9f70fcecae67f42ed8e2273da1
  f/internal/ai_agent/_guardrails: 9ffb5e19f22b54b2b5f95c621a0d6656832a99109e199c28131a1f4b06c042a9
  f/internal/ai_agent/_llm_client: fda0cf99f387d65f08b5b90db904ab37a6981de426bbf9bb23728705cebba823
  f/internal/ai_agent/_prompt_builder: 28c92c55f11536e2f43c81b23568ca2bb51b4e97c5760875a84e82d4e3010542
  f/internal/ai_agent/_rag_context: 5f624ef864a0b1d92ae48fdf0e1fb103a58310498c0e3b292726bb5f22e79e7c
  f/internal/ai_agent/_tfidf_classifier: 4e094615f22fad64e2ca16c1f4e48bb02ff34823ef5810b71bd43d0f2c0ba0bc
  f/internal/ai_agent/classifier-accuracy: 68c09926de3caff4bf305ab87d0d76418b186a168645669fa96f4e2f2d55a3d5
  f/internal/ai_agent/constants: 25cfc3cb3eeb5022dacf927245ebf375551ab22322999f2e4b6878ea6e0a5f16
  f/internal/ai_agent/context-adjustment: 97ace27e16db7ff8f0f9f468e4718dbac0842b13a39b468436f817d12f22e7cc
  f/internal/ai_agent/guardrails: 81eb8c5bdeccfeccfad8d24033d3def32b3c01bda40a9874ddefa1a1f1c88975
  f/internal/ai_agent/llm-client: 78402b896e8f88414241214fb37ba01893979944e2f4f237b1bade4de85c0c36
  f/internal/ai_agent/main: f07d064b8e8b30069d6ae2bea2b3fc60d1ba78ed7b68c342e2c0e0f1ab37f91f
  f/internal/ai_agent/pipeline: 33d6399b3dda522efc9a27da410130c38bceb1f6737bb7a616fa5a35311056d5
  f/internal/ai_agent/prompt-builder: 1e694c1057a69d020ce84ac81d887494f8116c6a0182ce1f7750a3dd77f593ab
  f/internal/ai_agent/rag-context: aaf104fde2a23d3dfad79909b543580f2c857fab62838fde351c7a66544e8cbd
  f/internal/ai_agent/redteam: e387f64dc77a5c76e1bfa47463a9b055b5723c0f817bc6122f78839db9f9b0d6
  f/internal/ai_agent/services: cb3c8c9584b40b39e5dcf679e3773c4f53d0aa327c8b36a728d6303426c1807a
  f/internal/ai_agent/tfidf-classifier: 21934c7dd1db670ca7c1be0ffd27c95afce094e820d817bc8b7c7294e63f6100
  f/internal/ai_agent/tracing: a6af0a970b0f677c89ed8fd742b7906ad0e0c5be888ed64b9d7b91e067fd008f
  f/internal/ai_agent/types: 1f5c83e143fd2518efddf780da467cd252d3d098dcbb3fa538134524e0aa6707
  f/internal/booking_fsm/__init__: 19fac8db7a71d7f04e596c59d0601aedde493b9524251bd260d9cd717e297c10
  f/internal/booking_fsm/_fsm_machine: ebf224af32e55c64c9220ae4c40ee779a590cce34bb91f85322c4939a5a01cf2
  f/internal/booking_fsm/_fsm_models: b7292a9a27e91a490e49e39dcef56d3c8a04ce6bc6814fb6416ef29838eca7b7
  f/internal/booking_fsm/_fsm_responses: 9876b73870d4c57aac39f9c67ae16c5a1f6773009ec12e5871fd78bd7307a94b
  f/internal/booking_fsm/data-doctors: cf3ea92090fde1f5d8d2a611abcdc2c5f97d098e8f97b0b82f71e70fed61d954
  f/internal/booking_fsm/data-slots: 95ff7e69c7fd491d41c04c863e463320aec6c18ccfa896914d28cec21b51681e
  f/internal/booking_fsm/data-specialties: 95fd7f3065acf5369c92450fda82b85ba008d56c40de94a3d0f28978b0d96cbb
  f/internal/booking_fsm/index: 07b73f80d5c95611ad89cf2bb672122f4ffd7c50b23c37ea0fe4137ee13e6d55
  f/internal/booking_fsm/machine: a3145ad8ca815d948483bd48d67df6004c8cde245142d881a0861c8c470d90bf
  f/internal/booking_fsm/responses: b6a83ac4315782995921010ec0905043310611df48020f28403a490dd4801069
  f/internal/booking_fsm/types: 9e714b61dd0c9a5eb3078328cdc37ed88f092aa0b513d7c94de5727f3d7468f1
  f/internal/cache/index: 13a3060860dfe8ae33e29ee19d1c825f14e3aaf38422094ad0f397f17ced9993
  f/internal/config/index: 641378f929c9896d042634242d5275148e458eeff7b9ee7130ce3b8c2bf837b6
  f/internal/conversation_get/main: 8617c8c8f676ad6b167b9e9ef2dd95b19e5ed0bec0d9db4ecba38028d1dab79e
  f/internal/conversation_get/services: 55293f4e25f14183b440ed40626929beed15a3c1757554756ac154894dd1c3f6
  f/internal/conversation_get/types: bd0a7965450b74ff40b392c7d838475662e4dbdaef39f5bc84a7ad334d4e8b5f
  f/internal/conversation_update/main: 946e5389a2d19a8cd25d5fb1df77a786a7b1c35c053b4df884286100fceab65a
  f/internal/conversation_update/services: 73369028282757e3544db013441ac4287af36c781d8ce9d96abe7ac7297e7930
  f/internal/conversation_update/types: 1592aad61136cf21328d67d7528b62ed1002c1afd2eeaf1b8ee89a5b38e6ef49
  f/internal/conversation-state/index: fcff0e5055d3dbdbb66a59c81edb177487e093d9a7daec57133acaa5761814a9
  f/internal/conversation-state/redis-production: f2a5b8baa72cd68c483cd1ce9a12c7f16e1bdd53757421fb9c9af7d7967f8c6d
  f/internal/crypto/index: 33a2d82a2f04bd81f16d9c23bd460e11c4f4292b63d31b0b59a1ee229c012155
  f/internal/date-resolver/index: a07a7c91213184c5d2de6aaed869dc8ecc76a5c9470a58b1e9d7c13cbc92f39a
  f/internal/db-types/index: 73221742d37939685e0b8e00fb4dfa25f405ab3748025aada65029c19b7d0627
  f/internal/db/client: 1763e20dad0460c271a758afe60c0584552d7919cebab0fe26065bf45b6b9638
  f/internal/fetch-retry/index: e7f31222b204ba7037bc2f61acad293a66ba367f19c89e80a758b00525737201
  f/internal/gcal_utils/__init__: 9b29b024c24e2e5e95c8fc33d71b5ddea8ad7fc1bf486ed4a5cce89532f82018
  f/internal/gcal_utils/_gcal_logic: b80d7247f96faa075cfdd048c20dd8f9bd1706e8709d60a8b7e3878326c2532e
  f/internal/gcal_utils/_gcal_models: bc1e96d1b21afbe7721bcf36f5c640f8dfbff6eecb9342fbf950c6cb24540e99
  f/internal/gcal_utils/_oauth_logic: 68d6494f47e037e49057487dc59036b09510ff92b5864def15db8056c43d12e9
  f/internal/gcal_utils/buildGCalEvent: 9bba90064c39d6f5fe113e0756a43098c7f29428f236b2c6c2978681b76df081
  f/internal/gcal_utils/oauth: 94225124db65864aec6fd4806b47f492888ccc6aafc2ad61262daff540a06679
  f/internal/logger/index: 2f23fe74a13eb666d6c4b770e5f7e722802b46e5c5954e33ffcf7cda52b06d06
  f/internal/message_parser/main: f02ff60aace65789ca3c8e17ad86d3a9eb46b2bf182b1d64d61cd37c40d304d4
  f/internal/message_parser/services: f899700bec547bd70982cf0f2af221c08550e489079cbb7ffd785bb58abd8bdc
  f/internal/message_parser/types: fa945f36b0195f09b4505cbaec51cb142f7131ac45bcf941c0e14f38cc2dd475
  f/internal/result: 532dd39ef8b4073228ab4b2b80fc4602ba481b4565d7c5bfcf0e4009a2eb700b
  f/internal/result/index: 12c42438b75434ba5375e4d252ac64858b835db4b3c6752f41234410cfbbdae2
  f/internal/retry/index: e46a17090a9a3e14e7c5e187403bda3ac088e4c7e5f8644dc6fbec5ae68e5e1e
  f/internal/scheduling_engine/__init__: 98d23de95b5bcc9cb2a7cb459fae4ecb7f29383362faf10856afdb9f4ff271d7
  f/internal/scheduling_engine/_scheduling_logic: 635ec2e681e70ee2497046cac59d57ca8f89cb0b6fcb11fe6b0ca9c6d7934466
  f/internal/scheduling_engine/_scheduling_models: ba17dc0e46b022c7e5cfc6c76064135785430187b0da26cba8a71c1fee53ef88
  f/internal/scheduling-engine/index: 0258265d9d6383312334ea2bb74cd9e666519ceb36a3cafa6d9ace888dd38498
  f/internal/state-machine/index: 1136ac6a039a22282cab2a744f186e9422a8073a247d0ad3f8bd292e44f54ca3
  f/internal/telegram_bubble/formatResponse: 4b4cd3a01c26ab73023626555d1e62507f298e674dd6483257b21b32ceb6fff3
  f/internal/telegram_bubble/main: 57764c4ac311e9ea04cdfd2ea62d8318316b2cb7ee57f4c623f3b33a02d2feba
  f/internal/telegram_bubble/services: e8b9b44c0863d01a69bade34b9765dc58d7bced55edcf0c84405c28c22c96ce1
  f/internal/telegram_bubble/types: 5a3bf74452af5f4bb29e51637a8e20bc68fc1f9a424d68311a1bf535b1ff0387
  f/internal/telegram_bubble/wizard-bubble: 6e52716cc42bd8b85b912bbf2eaa132f9f1d47852cf9e284b3ff04f5070421db
  f/internal/telegram_router/booking-wizard: ec32a888c93dbf6cfa20c2d088120febe0d72a356cfe0094d1376b2ee410a88a
  f/internal/telegram_router/flow-integration: 66cc65e70f6d144fde879fe8debc804cb0918354bc44452d6e713d57f725f247
  f/internal/telegram_router/main: a65087852f56a3ef866c59fb409bd95962a53f33ec63da3e20139a43eadb5690
  f/internal/telegram_router/services: 62bb43b0a8c8df7fed0c1e2769a6f37ed52f1c4d1ea587f1208224957a44c90b
  f/internal/telegram_router/types: 6bae7350c95aed1107ff0e35145129859c1dab4ca946a391d7a33cf92b6b43d5
  f/internal/telegram_router/wizard-integration: e5c9f74eaf251e6056456770aa5178e4d1ac151a1943e6c42472423aa68227ed
  f/internal/tenant-context/index: 12de3d030de891a83c1fbe1c8e5d6c2d4e9b5996f96469a5af774c922efc162f
  f/internal/test_var: d77726ff9d08c51f09b95f92ac170b7d64ab0f759363e34ae48e749052ee94f4
  f/nlu/__init__: c24dcb0a2ad321d4553adfa0bd37327cc3677ab5875428c9c51c27dd8031cf0b
  f/nlu/_constants: 37d77831d1333a885354791e735fbf4fc8d638eb26d67e7a181d0c9bfbd694a5
  f/nlu/_tfidf_classifier: eb2eec460567f3f14a7736a253dfe6fc547c64ddf45c03bf5587a70b4fbd5d17
  f/nlu/constants: 35affac3da0e179dcf2e99ccafb44bdff3b31f13c582f93136d88969cbd83df6
  f/nlu/main: 5d328787b509e80b43088724d269ad92a99fe8ee33491fda3f03469a0d93bedd
  f/noshow_trigger/_noshow_logic: fe870a81803edff59751cab6f9f027378a43b43fdc29c61c929a094f0993e9d5
  f/noshow_trigger/_noshow_models: a67a2bbdf02a4a8fb77c8ace6d381b3ea073cccf77c302d49a6a4dbf7a689c5b
  f/noshow_trigger/main: 5a66ed12ffa09f157047dd9ceab518dd06d57489f329ac567e0473af20951890
  f/noshow_trigger/types: 11ef841d9a94cc655c572b68929c502a18b5803d0ce9d57600b99da697af94d6
  f/openrouter_benchmark/_benchmark_logic: 2ad17c8af1ced277ef6ab65dff5c4d0863ebeabaf7b49954e480dc62d7c8a9cf
  f/openrouter_benchmark/_benchmark_models: 5fc9545ceefa19cb6bf6b5ad3a51d32df59a50073438d1957785affc97d411be
  f/openrouter_benchmark/main: eae9766803b8bb0baafa8e2019fc50c97d319eb487905a254a9ef5ab2c7ac84c
  f/openrouter_benchmark/services: 85c17560633dac8036afea4de4f9e9d33f1b325a803684fe0d66fdf293a3b4db
  f/openrouter_benchmark/types: 98f8f2ce95cd947ae095c61f6d966674dfd4bd8a0b5e5a279ff0d470a032a631
  f/patient_register/_patient_logic: cac7c48c6ada70dcf45ef72f4ef3fde4e5fa56826573003bcef0d5c2fcc4346c
  f/patient_register/_patient_models: 20062734095064d16c4b7f6d378ef9313db5e87d3b6a2b42d7b8fbc319b21608
  f/patient_register/main: f6a9e0361c14f039e0c217221563e64a7ddc78b986bc4a2ccbaec56b778951be
  f/patient_register/types: cd95f4b74f2009b026e618cb52e15df7a94cf801ae30953667704da6f29f871e
  f/provider_agenda/_agenda_logic: f1995d66bf0b3bd8f0cd48eba29cc9ebb21f3cc254b4e4ecfb5ed3083ca2ddaf
  f/provider_agenda/_agenda_models: ff9462b5f4ade92cfd797eda9ee57dfad7476314d979da47ce341a48b9da5341
  f/provider_agenda/main: 230cd15feaab1e0de6ab39156f4d77a57a3484aa6e38608b2baa66028bcbefe5
  f/provider_agenda/types: 8e7f85ebd3d4d2839f1e717e674858ae229ccae18a20d95ef0038de6950716af
  f/provider_dashboard/main: d0be0b19edcef5d1ee21d5428c71628fee0088d05d2d8b9f9e6c6d2b8ba4d679
  f/provider_dashboard/services: 10625886e2b3eca27397916a33c875adeb9068ddfb3bd67aa7e10770158a9d66
  f/provider_dashboard/types: 028266043eed501aad85f33bfdb1f4a67eaa5e8a297d0c2e3553caa10412a4b4
  f/provider_manage/_manage_logic: fb6e484047c42dd822afd2e0d72da69dd639e02d891bd9edffe79d710d4d1b32
  f/provider_manage/_manage_models: a19bf4216f3df5e8ee57b117e7db04a6a4541f324c00e05db08abb4634a0c551
  f/provider_manage/main: 54935b6532395d9eb7d8f20f6c1603317758031386bb5ff44986f00c9c6e9ee8
  f/provider_manage/services: 51b512d748147bff97b1e9f521226673af7856ae86fde0c0ac24dafc63734a76
  f/provider_manage/types: e6c4b3687acf45822dc201aa95f2130f3293c12b05323a16c1bda8dc67e2863e
  f/rag_query/_rag_logic: dee3e744f8b97262acbc17cc2316196deb86a74bd95c46ce40db02a356a34143
  f/rag_query/_rag_models: 4aef77f4faab8b1ef0346230d7ce3bbd536873dad76a22e1e9c197f5d771a6a9
  f/rag_query/main: c4ec890449b9b3008ccd3e0382c1640e26fa62ffad362a496a08d8f16f32854d
  f/rag_query/services: 459098400307ae29781010b502132732a2c70570bc2e21169a5b7ffbd2151fc8
  f/rag_query/types: 2dc6b383e1598f87a0974a5e4cf152cb456a5dd210562b7b3803e121f084a914
  f/reminder_config/_config_logic: 6ee22235dff6b6b1733f7311382331b1fafb2a7bffd5c622d88dd138adf8574d
  f/reminder_config/_config_models: becf705e809727a1a893965d4bfa268f772bc9f503393c594196503683dab885
  f/reminder_config/buildConfigMessage: 5ed3595600861a7bf0be06cea1bdbd9fa53ea73c06606d770f2863581b21d807
  f/reminder_config/buildWindowConfig: 7b07ca5c8ae189c4b9c3c99db5d91b4ed88e3fe4657f14b265a74f625b02da29
  f/reminder_config/formatPrefs: 27c7943d4a2769038c45820b6e27a2f7210dee46bb349a2a655a7b1c426d90bd
  f/reminder_config/loadPreferences: 00218421e457d203c421c443a1eaf293702fe1f38d1f61d40a56e75abb74eca7
  f/reminder_config/main: 302ecc61258cf54f83b6052743e4e360c619b66d99fdfd53de8797d31c80ca1c
  f/reminder_config/savePreferences: d147f5d3a1fb3540023c88e050b293ec16508de20e52a29c1366f47efab7560f
  f/reminder_config/setAll: b35ef97ddebadefdb8e179f6bb98cb63721f7f14ccec189131df349e41952d86
  f/reminder_config/toggleValue: 573aa12d4046b7b9775e24073f423fef9de14181ef034a4107581fba2b4e4610
  f/reminder_config/types: 83d005c55125c1265da0c3bdb65e8fdc911b5a55832defda95fdce43c54a4b9e
  f/reminder_cron/_reminder_logic: c525595b4cc71251f6d68ae26959edcd43f626e8bb5e63e22ff9d0a3b7f2b97c
  f/reminder_cron/_reminder_models: f71036da82fe80bc671527bf5db952e380da42376714c757415ab0d6192ad57c
  f/reminder_cron/_reminder_repository: 7f3a97e7a106f7b37ea0fd75e36f37b1697f9fc46eceb99fa709d1ceb48bcade
  f/reminder_cron/communicators: 99de642a41077fb030c892e0e89ad3df6488652253ae9f4c0d10d7051186b8f1
  f/reminder_cron/formatters: b34aefe9998224a8ffb64e17e33decbe6e4a91c32f767ef11aa686ab740ebcaf
  f/reminder_cron/main: 0622e5bbdfff02e5fe73d6be0e2d917baf551def344092f4577bc9e1b8154458
  f/reminder_cron/repository: f26ac5c78dee4918adf2b4864aed8d31c8e87c44dbfe92673485ccffaa8624a6
  f/reminder_cron/services: c62b0a05c49a148766527c917dc9759e0d86ebb4cabeed3ffb4b6e832de5e29b
  f/reminder_cron/types: 4ee5965e03ec324d14c991d4d03a792110ee343db15063f9dd3ec65770199f50
  f/telegram_auto_register/_auto_register_logic: 188801959894fed52ec4c0141adc7730e80ddecf2f7074a01ccab13f01298861
  f/telegram_auto_register/_auto_register_models: 4eb8c536c9a2a9e3d5534786228c41accf431e047a2f7b4fb4e19a07cd2384ac
  f/telegram_auto_register/main: ebb378d3bbf9d7401389ed29703f8708f2fc3e26f8bc9bb821b137d187b5b2a9
  f/telegram_auto_register/services: 5a062443fbed234c238afad56ad4980977e2af92a681018313bd31f7b8036d30
  f/telegram_auto_register/types: f8945c51150a77f8e005e0e859239ffaab39bc4d61526316a384eb8e5eefebf0
  f/telegram_callback/_callback_logic: 42bac8068b5c4dcb0d40373c464361e580a114c5cea2f264dc43be4191e86007
  f/telegram_callback/_callback_models: 297eec6ab33479aaa8ad9347f4e44ddb3c0a747eb49257cfda168c8d4324bb6b
  f/telegram_callback/_callback_router: e44176e398b13cd5c2316baed7b91367e8442e260245bb21490341207a512ded
  f/telegram_callback/answerCallbackQuery: c0f91de9d429e1c39933ee6c527b2da811cf181e24ece9d9a7f6d572bc6de8ef
  f/telegram_callback/confirmBooking: 5a11e028aac0a752ecae80a0943a1897b5c8c78e6fd739c48294c202c21d437e
  f/telegram_callback/handlers/AcknowledgeHandler: 435b1de0ded6d907937518955cc46c5272b844c83ae23640d1e08197243633b3
  f/telegram_callback/handlers/ActivateRemindersHandler: d789d02f45fcac6a91dab491702b58d9b8c2153e91222d180e66ab1db60d1e66
  f/telegram_callback/handlers/CancelHandler: 479c330b2d7e5ae46f941c2464018da3846001fe6e11b20490e9c47b6372286f
  f/telegram_callback/handlers/ConfirmHandler: 5614b876491e9498f262172da9f4b004a9aecd4ea4063ddb6c8566031d78a7d1
  f/telegram_callback/handlers/DeactivateRemindersHandler: 50fbb90a2932ac55f39b9d9dbee1dc2f1f67b59cf17a186a832420e219a40c47
  f/telegram_callback/handlers/RescheduleHandler: ea8cb9fd4fb5da27dc63d01408ad8f99eed26be7a416ae0b477e93bfb73ba3f8
  f/telegram_callback/main: 886ddb0f2669d653f40d7c035f88549a7be2db75b4e218d1ae187e809aa040b2
  f/telegram_callback/parseCallbackData: ea96fbe3ca990f7a10276774daf0821ff22df200e882545bbb405ccaf69c5f9c
  f/telegram_callback/sendFollowUpMessage: 51ea652c21fca962833a306096908591a60af613bf02beccabf6bf3fddefe2f8
  f/telegram_callback/services: a9f529967389bc08338734beacaaac12e517732257f460b7e20c99a4a6d7b7d9
  f/telegram_callback/TelegramRouter: a2e11f89f9bc2e9bccf7291f494fbd2782fa722227e9a613c162b64e2d52e9c5
  f/telegram_callback/types: 672402b2fc5642c5847685aa07b89810b23e544ba60e0caca434f31162b1fb97
  f/telegram_callback/updateBookingStatus: 3d27b974074688996288d9836b5f3a0556b6bd05f3c0581eb78196304049b529
  f/telegram_callback/updateReminderPreferences: 890ebba06a8d237bf3c6e105dda7def4406a8b182a34f6c2a10a0460b7b4b3ad
  f/telegram_gateway/_gateway_logic: 0564a3344af52d34efb5c078ce20f50ec94686d8c3a7771573317181162fa397
  f/telegram_gateway/_gateway_models: f5cadb29c85ac9897affd2c6b22ddb60f39532933c8d01027317e8c604eb436a
  f/telegram_gateway/main: 6890a656e9912c338e61c3e1f6acc819c1388a364abfa3054afd650ead51f951
  f/telegram_gateway/services: 6705bc5f2fa094281c4b0d38118599e54ec777c74aee364287b4124f9bf68669
  f/telegram_gateway/types: ab4c22938d9b56967c027ddc815c63993c54ca7084ec1224116a43c6cba0a062
  f/telegram_menu/_menu_logic: 13916ed2a3eae3a0c2783975d0ae815bf40c5767bf43fb99b05287a474c7a1be
  f/telegram_menu/_menu_models: 4afc89399314d94c94ace37f9802abdf9d9f50aece9bfc01e21ca46dc3de1839
  f/telegram_menu/main: d9d02ae937d85230c1e547ee1db521ce1e084e7c82e5b17bf94ab6d473525f42
  f/telegram_menu/services: d061051a0e995873ba710b89995c65c27e3e0cfe6e63a9243c80fa5021a84d54
  f/telegram_menu/types: a42272e1ee760dc27fa79b50f4f79667cbc925b97e0de03cfa961cda50750f53
  f/telegram_send/_telegram_logic: 58633e2cf2e69309e8d0ab75ec0a585709aca9132fe34b7715cc9c31e4fc0536
  f/telegram_send/_telegram_models: 17ee69f7de27adbdb60e704b41431c86f2b92e4af3eeb42b51fe0e10aeac6b73
  f/telegram_send/main: c13280ff9f29d337eac5dc9de5ec5a3a088f6fca70eae368ee608492359f5685
  f/telegram_send/services: 5452abeb7055d4da3f5423a4f15f34aae17dbf1ea798790ca1120fdc2b41e048
  f/telegram_send/types: d6cca05a6993770934e9f1d2afd580f4f59950908da83578c213a04952ceeca1
  f/web_admin_dashboard/_dashboard_logic: e2cd0cbad5d89c6dba63709a117d44e995f4f73647dd356a4d9f1ba9b25e9059
  f/web_admin_dashboard/_dashboard_models: 61c8d8fef5f5ae5dad4fb3f6d7da71015470bdd58e0d3191a0abee6ac0c9ed56
  f/web_admin_dashboard/main: c38ca95a9e9366184e8cac50b45370a0239a9f3b8a4e33ce6bdaff8e745672f0
  f/web_admin_dashboard/services: 7301d9667454820318c54c9ce29ae586aaf6493be4f1ffa2e16eddeaef1d4021
  f/web_admin_dashboard/types: 14c556f43e3e1b319c661d2b603f051cbd9f983e5baabb0d1d87e36dcef0956d
  f/web_admin_provider_crud/_provider_logic: ed313e248f6b48c0a0fee9e4396b7c3796bd851544dac046790fe5de0e67ce1d
  f/web_admin_provider_crud/_provider_models: 5f5256ecb1f02389377f606dd59c2657d45d769bdd5d8a271f6aaf239a6fd6ff
  f/web_admin_provider_crud/main: badbf4290a195c65ef880241004dc529761d03682555e28f1084ff2868b33f00
  f/web_admin_provider_crud/services: f815d72528f5ab578dd04475a01c79887053ea7372bb9e33df54bbfe2987e83c
  f/web_admin_provider_crud/types: 444190c735b9e0345ac8490570de021f96952dfceb9b9e2feb66fe96d3ef06aa
  f/web_admin_regions/_regions_logic: d48e9f899f4e635d5824a12c136dd42e6fd86f3740dc09ecbe18ffc27ac74cf9
  f/web_admin_regions/_regions_models: 8eb0a42e59e96a3f53d07f1b5aa2dea8dad944a4de982611eea4d9cfd43cea03
  f/web_admin_regions/main: fcfe772305817bdf2b7df78ddc0704240a363f663e5177ba159a39ff8326b720
  f/web_admin_regions/services: 237002c328b4dcea79d985d503e41a454f187b94b797d17fecc769593dd065f9
  f/web_admin_regions/types: d20d39160877503dca702a263d0cd2cb91574f9a483450e5cd0de858cd6b42e7
  f/web_admin_specialties_crud/_specialty_logic: 24eb02b29baa9435ecde4eeabeee515c17492c95dc2f387259d6fece197c6dce
  f/web_admin_specialties_crud/_specialty_models: ea4e8e09d7c47ed1bdb901393287bfbaafc297367d382b745e351cee7361093a
  f/web_admin_specialties_crud/main: f74f68ad8a5f1e10bbaabe0e716c54a658ff96ffcfce4035c86f9a40ff5314a2
  f/web_admin_specialties_crud/services: b0e3aadb2a99ff55d3f99618cb952bb27199befdf19c12d9ab61e28b4146709e
  f/web_admin_specialties_crud/types: b1364dc72ace20fe8ab86603cf87166a8ac8e32208e2d3025adcfe17531d985a
  f/web_admin_tags/_tags_logic: 315d100be60b64d20602ec8fc1382453306f671aa56522c4d004d9a2314b4657
  f/web_admin_tags/_tags_models: c7a4c32d7810c999c8b10c9e817e6897fcf8f193be4caa1d715b7787ca9647c2
  f/web_admin_tags/main: 0e00d54f6c9ab65b065427a772e1eb583b4c3a7cd598fd687ba57451fbb83f06
  f/web_admin_tags/services: 1d68021b63be2351b9a93a367dfd8cc0315ffc46dd8ea5a9d18aa4fcfed8efb3
  f/web_admin_tags/types: 32c377e2f0b072da659c52306af43f32c5eafdeff93989460db6350486681f1c
  f/web_admin_users/_user_logic: afedf2cb4cea0eef6dcb365156ca3730e04990b03801d6a0d1da1c42a9f04f66
  f/web_admin_users/_user_models: 084a189e8b8be0f92b5a6f9dc74a0a70026a69f336b91a0e6ef76a57509ff92f
  f/web_admin_users/main: b7594ba60c0a075b0d4b8f022402e14b5b14816675f9814f69e70b57d86ced67
  f/web_admin_users/types: a81618401761e5e77cd98cdedac0352c69bd75736e4578fd7be070e9ec921f2b
  f/web_auth_change_role/_change_role_models: d3b79b677be6f376e7b595dbeab1d13b4b91500e8b498341870396080fa965b2
  f/web_auth_change_role/main: 12174b637c4c08497d8657d53f7b6d2036f39a8f4512932de257c09d21045f6b
  f/web_auth_change_role/types: e0094cdac7b0482c3d800950a9c608b29e15153d51b2b234f8ce8e118c75e966
  f/web_auth_complete_profile/_complete_profile_models: 4892700679e29ad1d2e40e11e74e9bb66205ec8ea99b4c55302ec546990e5d93
  f/web_auth_complete_profile/main: 63dd8a5e34c6a946373e1da604f6a5ff93900ea66bc7d88de373f4d256ec36be
  f/web_auth_complete_profile/services: fd49694ec9a3db448043a0813b2a90b0c7176f4777771af407c7c793e4a4a1e3
  f/web_auth_complete_profile/types: b50ea03ecb1ca5d59776b0537be1f5eb5315b2f0e7cb4fbd3a146a773d8fafd7
  f/web_auth_login/_login_logic: d8e193ed7b17c25157423c1f3af78d699724fd831721139bbbecaa8d906bade2
  f/web_auth_login/_login_models: c7c96dde85775ed8086ad4f6a9b6dd78581e71ca38e30562c6ab5968caaba555
  f/web_auth_login/main: fbf9f11e989994008078bc04962b332728b1ad03828ae6a62f290f81fa9ac7a4
  f/web_auth_login/types: 15f56fff545763668cad5e5f388bb6ed18a3e2a26a991a0df9e45dd28151b3c5
  f/web_auth_login/verifyPasswordSync: 06734309db951e54c1346ba9ac794e3ed83a0b8f5806b70f84ea5a84302967a4
  f/web_auth_login/withAdminContext: d496417e69f3112baea4e3d778420ca648990a7b399546f6992178b15e8b3dba
  f/web_auth_me/_me_logic: bc449e77e60d2ecb0d4fce99458a2971742c7133e300144f07f80c45e9423660
  f/web_auth_me/_me_models: db6ffc0ad010b9cbfbf4df41720b98d3f9f91824de4e65e49f6d16e17b52d754
  f/web_auth_me/main: 58213c417864a5ed590d2324cc48d07ef50d0d154d9caac3590d0108911e1eb6
  f/web_auth_me/services: 733062fbffca9a5bc31ca5f6f99e718f3785580f1a659726ef6befe79c11eb5e
  f/web_auth_me/types: 31f705888a0ad67189738f69476c130931df4d8f8e5d2930bdee55dec242f9dd
  f/web_auth_register/_register_logic: f58f4a1fb04f555166022b39e15253556f51b185d4bca4be52c9f905f2a645d5
  f/web_auth_register/_register_models: e80970f2c3c553996bbcb8ccc89a6da40fc3a402482447b15432abb33c501a78
  f/web_auth_register/getGlobalTx: 6df66d3a69781fdfa12aa972690ae060b7cabb97e07eebdefe7039b1e80d491c
  f/web_auth_register/hashPasswordSync: 63a0f5b51815b7dde51d2cbc602c0f7bb45476a2e757cd65f984738434d258e1
  f/web_auth_register/main: 3d27f93e1d42a897e723a738d440c34fe9bc0830570f92e19012b9c30986d41d
  f/web_auth_register/types: 959ab452da66549ab1da14f4a29195cfd4ce329e557f9f0748a8c89adde23ab8
  f/web_auth_register/validatePasswordStrength: 6f89afdac43055e0807307dc5b7c93c23d8f15b512a1ed2993caefd483e2268b
  f/web_auth_register/validateRut: e24ff993c76c34b524b6afc771e4e89af9f6c23861077bcb1576ddbecb5d6e37
  f/web_booking_api/_booking_logic: bf61b7859fc11099921cb110c9eec00b83fa05df081fdafbb43daa0b4302080e
  f/web_booking_api/_booking_models: 56dbf391a5cab57e0056b663bb5041121593b828a9b23a30981a56b281b6f61e
  f/web_booking_api/main: f4e736f50cc863c7984d84a421ac38becf617eec5ff3edcdf338924ce4270a14
  f/web_booking_api/repository: 2ef8c2d7c0686261cdc7d89c7313cb3d0a863071e4f3be9756b5e65b68891145
  f/web_booking_api/service: 4d4d357539b13b5327e4bf05222efb706eb47e0ad372b370e2e1a1daf022553b
  f/web_booking_api/types: f24460891e6ea6479a29b8ced3b5324982727368029175c651740f9634315d28
  f/web_booking_api/utils: 78f9f4282a227d5d7bf8465ae65faf68161a857fa6577649fa926fd50a9e457b
  f/web_patient_bookings/_bookings_logic: 1a436347b0cb594e3f91ace3838509fba842dd3724f4d396ec81d08e9c16d3f5
  f/web_patient_bookings/_bookings_models: 794a1d3e1e110b596ae0bd7ee08de4e802d6c3a2aa1f703deb4e767b7cefea33
  f/web_patient_bookings/fetchBookingsData: 4ee55d53963903109299dd4633aee0b8be8d6e0639e933527e99db865481127e
  f/web_patient_bookings/main: a847d2ad0a35314850ac1c28537921db72c66b5f6fcad6f9c6a91e4596824270
  f/web_patient_bookings/resolveClientId: dfbd145f17756c72b5e027c635fba56fe2147c79bc66c05d0e5c6e076c552d73
  f/web_patient_bookings/services: 7737542ad236a6f07556a1edad60cd502dbd040da84696a8d4a6a09eda0bbf26
  f/web_patient_bookings/types: 78e888cf9d2eb8150f0dccde1eb7cb9b95633cad0753cc52ad6c453938c3ba69
  f/web_patient_profile/_profile_logic: 9ff36ba6fe84820ef86b1dd7ddf79371b859007e395e7f48a3fb512d974deaa7
  f/web_patient_profile/_profile_models: a9648c3141cccd93f069396e62c3b09459bbacbc4a0f7f6e71e6d9fb2a8d87b1
  f/web_patient_profile/findOrCreateClient: 992da8a54fd1c12cc2d993247bcfccec50e736b2aeead57a9c9e4ada0e305d6a
  f/web_patient_profile/findUser: 0a0b0900271aa94d9b77de5be3a36a0a1a68bb70d6703f004105a293dc0f839c
  f/web_patient_profile/main: 06ab52d55502322864ec9e0a775c54295bb314271805da61add8fa9d29967a75
  f/web_patient_profile/mapToProfileResult: 9b7caea68685c3a4f8b9d4a1b027dbc4200ad6dd7262b8b66acd16eded370291
  f/web_patient_profile/types: e32c375180da825072dc9d3de41e832c3a1e7219f5f36613ca142c24b441af45
  f/web_patient_profile/updateProfile: bcb6d5461cce8d0819cca03390394b090633e0f6d6d1ff6b41407f8e75792a6e
  f/web_provider_dashboard/_provider_dashboard_logic: 3d8a236277820c258ffa95b606e7a78ba7c9acaa9958a0d14e3a624d21b441be
  f/web_provider_dashboard/_provider_dashboard_models: a3609b25f095f91cd8f2118269f31acf1dc195811416289dcbd79acfb92d3683
  f/web_provider_dashboard/main: e798f022df3264bdb504ea2ec4300e9b444f96bd1cf14dc1cd232db0a442bfcd
  f/web_provider_dashboard/types: 0bc10f7878a62fddcf3ec47d6b87ab353669e7f7379085ee5c187b98f96ff8f4
  f/web_provider_notes/_notes_logic: fb9cd439d6ca9a91785d12ccc8d254f931aa35dbc04abf98fafaf37e17eacbb4
  f/web_provider_notes/_notes_models: 076e8b320ae0aeee4436135d8f3429b9343f652ee226d6cb3d645bec5f910c7b
  f/web_provider_notes/decryptContent: 46df436c77e8b24f1ad2647854b8904022645c913a1a29433e0e2a09b0af2c27
  f/web_provider_notes/encryptContent: 781ef358f7691362561ff0f3dc86770f5969be8162e56f9e3c523e0dcbac837f
  f/web_provider_notes/main: 9ae16af15afdd8893d08ffae75b9f0f16c34162460b70a1c51670ace930b839d
  f/web_provider_notes/mapRowToNote: b32705aecd4cef9cf96121bae300cee6be0b86f242f0cf415125492747dfbf47
  f/web_provider_notes/types: a95d67b04f592d23385966bc7e524a80a1f486759c8698fdbfdb20caf6a5ee16
  f/web_provider_profile/_profile_logic: b455fa82f9135e8b097ff2450a1067ed3a6cb345f46e01db2f70b00e25a9f5b2
  f/web_provider_profile/_profile_models: f2036ed5428bde7b11081aab02f6d474af1edc49d6874b907ffcd465aee9f5a8
  f/web_provider_profile/main: 2b3a00939c10a501b1f2d112096e175c5f1530c8ce27ec0d9e7411707fe48b94
  f/web_provider_profile/types: a73a017ce93f73820a2c603a600ee9a52271ea16579504c46bc17ed854ad1254
  f/web_waitlist/_waitlist_logic: 99773b11e617ea620a5399f97f62e2b2a5e4df5c7bb1307323874aad3cb0d263
  f/web_waitlist/_waitlist_models: 241c9c4026d1d2b806df1f19c84371b8f3f07b9888dbf0f65af86ac043f4fb83
  f/web_waitlist/main: d4047f53ebb4409c2ba9a3bc40f2e15844bc381722c8b1410f1fe1e7cb2729b4
  f/web_waitlist/services: ccc7b2eb1da46482635cea0fc4a90051a62c19741bd480c22c8a68b1c2ba8607
  f/web_waitlist/types: 77a4a2ed5e64e0c08593d9678f6af60e5b968a9394847c4047d7c10d10148f75
