version: v2
locks:
  f/availability_check/main: 415c59e1587dd095bf6130ab7a749b9a26c3a583d3c46ab0c41f7a614155f293
  f/booking_cancel/main: 9fa2f62a21ab30e6379823e9b0988ade5c5583bbf11fb0ccf31f80146de22396
  f/booking_create/main: 86e5c848935af935f665463fed34dbfd4256648772c1dfb1bc6b1923f5daba30
  f/booking_orchestrator/main: a666a730912211e887dd85d063105dad1b3460ba939c5b77d3b8c27279cb9443
  f/booking_reschedule/main: 48b2a24341fed53657789688e7eab441b7031a258ce69d137717e3f6f8d62f12
  f/circuit_breaker_check/main: e9db5bf6f184148733c3438e2499ddf085e17b65d26942fc7f2dbcf6412da6b1
  f/circuit_breaker_record/main: d1f1206fe95626c0011ee30cbe9ee92456598283b20cad3ed6492a1884f5ecc3
  f/distributed_lock_acquire/main: 7dc2141f4ebe0ea50943d6d813ad11abbd493a50c103fcd7d27dccc03ae3d1f0
  f/distributed_lock_release/main: 57a39dfcfb29f157fd7146d2d6d69059b3c63e8250c57a4e5f2db9298855b5d2
  f/flows/booking_orchestrator__flow+__flow_hash: 94de6e029a508011cf263fdf060f876ef23239dafd97bff7c45c72f67da97291
  f/flows/booking_orchestrator__flow+check_si_cb_está_open.ts: 2ccad77a03a96923d4f2c2df2337ce56907b0115849ddf4f7898510396b17a04
  f/flows/booking_orchestrator__flow+failure_handler_rollback.ts: e70e913fb7ebf2229610c46441039d1231f9bc4aa6622cce47d79de05e8dbd41
  f/flows/booking_orchestrator_v2__flow+__flow_hash: 5b1542d3cfbc25b3a198db6c69aba4b7e077c01ac4ba9658d63708c058b500ae
  f/flows/booking_orchestrator_v2__flow+check_if_cb_is_open.ts: 2ccad77a03a96923d4f2c2df2337ce56907b0115849ddf4f7898510396b17a04
  f/flows/booking_orchestrator_v2__flow+failure_handler_rollback.ts: e70e913fb7ebf2229610c46441039d1231f9bc4aa6622cce47d79de05e8dbd41
  f/flows/db_find_next__flow+__flow_hash: 81b66ad62016ef49da093657212a951f9deb6cbb5843a379dad08fd17c54a78c
  f/flows/db_find_next__flow+format_availability_response.ts: 35d653d2252ab33fc3bbb09affb5cd60218c78d1bee7dce11ccbdfaa58edd51c
  f/flows/db_find_next__flow+handle_validation_and_search_errors.ts: 1c04815b6fa4b42575205645408dfa575a5cdf5de645d9f32287d444db28032b
  f/flows/db_find_next__flow+pass_validation_errors_to_error_handler.ts: 31eb087e2d4a844a94af1d4f42805999cd7089e84d56c8014a72edadc4bcde0d
  f/flows/db_find_next__flow+validate_provider_id,_service_id,_and_date.ts: 4df58728304e51090817e6d10827373d775b53162e40b2bf5e750dbaa5a2a6ac
  f/flows/reminder_cron__flow+__flow_hash: 4e92936306ac19a75622c86759cddab8d600c12ae1a9c33fb0e38bc0cabc8524
  f/flows/reminder_cron__flow+fetch_pending_reminders_from_database.ts: 801c0d83c74606e4af7330c2e0235580623df3619ab30c07d703035695d8de3d
  f/flows/reminder_cron__flow+format_cron_execution_summary.ts: 464fdae5592fe4f12377f04e9582fbc1bb92fbefa37878f1cc6085527a853c4d
  f/flows/reminder_cron__flow+handle_cron_errors.ts: 7cbe7ca7de9d67770be30a67f76da6e11f6d9087f98bc9ced0a69bd0ec20a130
  f/flows/reminder_cron__flow+mark_reminder_as_sent_in_database.ts: 3a488052781d806d633baa09ffe367116fcd412a804fec41cd24ab07e8eae162
  f/flows/reminder_cron__flow+process_each_reminder_and_prepare_message.ts: 875f14a7ac837fcb133b84448ed6979b98128a0254e62664c0a45663cbe00180
  f/flows/rollback_handler__flow+__flow_hash: f69b9e0fd13a9cfacddc4fa538d1a417dda7be1c1b318ad33053b4b270d46709
  f/flows/rollback_handler__flow+build_rollback_response_with_step_results.ts: 3894dfeaf0b6339ddef7bfa52fad65044b4d112f221e0a8ae9b2bffe90ecaa99
  f/flows/rollback_handler__flow+handle_rollback_errors.ts: b2a1e74b2f45ee0b9181c8963bcd995d6f099c86b772d1bb565c7157a7373787
  f/flows/rollback_handler__flow+pass_validation_errors_to_error_handler.ts: 31eb087e2d4a844a94af1d4f42805999cd7089e84d56c8014a72edadc4bcde0d
  f/flows/rollback_handler__flow+validate_rollback_request_and_prepare_payload.ts: a41c059795fa481d08273fdeaf346a1f45f1aaf631f6351d9fd945f215aa470b
  f/flows/telegram_webhook__flow+__flow_hash: 1cc8767bd0cd4712116a556e77aa1f4b430d2f4cba7977b12e311e511aaa94bd
  f/flows/telegram_webhook__flow+check_parser_error.ts: 5d7622d7bb741d21ed4c79a960b871f402143c3116c93eada8b0a694e095e17f
  f/flows/telegram_webhook__flow+telegram_webhook_trigger.ts: 68db86d814a64c1cd8b2488dcf0edf35d888d79abb5802cf3aae32b9ffd60f9f
  f/flows/telegram_webhook_v2__flow+__flow_hash: 1cc8767bd0cd4712116a556e77aa1f4b430d2f4cba7977b12e311e511aaa94bd
  f/flows/telegram_webhook_v2__flow+check_parser_error.ts: 5d7622d7bb741d21ed4c79a960b871f402143c3116c93eada8b0a694e095e17f
  f/flows/telegram_webhook_v2__flow+telegram_webhook_trigger.ts: 68db86d814a64c1cd8b2488dcf0edf35d888d79abb5802cf3aae32b9ffd60f9f
  f/gcal_create_event/main: f81812a2a47e0bc2e46410dec13452c90b3a961a1c01084c18aa494c86339c4a
  f/gcal_delete_event/main: 404b49e6cf03aa9dcf72eb61c6ef70030c64782324cbf9eff6601b9a24bad7ed
  f/get_providers_by_service/main: ecf2beb79d285ae4f1e6ac1d2600e2cf9d3e19107df0ed4a3fa270392529bc08
  f/get_providers-by-service/main: 2cba4744d893a00bca1ce2da749e90242b7859363e0294b0db428258bb6dc102
  f/get_providers/main: c19bc3efc62f6e39091fa70b7631077688e50c3b05178e405999c04dbee60747
  f/get_services_by_provider/main: 39a864a8bc89f7a7014927fdf47f11e9986cab3d0017464c46158c8491bbaf0c
  f/get_services-by-provider/main: e049fa6dc0dd978f42880caed50395b4f0dc38cdf5ca450fabd9f929ded8ce06
  f/get_services/main: e31230fe1cba4afb489f8356532f272d86cbfdde302465f1dfacf43246f69e37
  f/gmail_send/main: 38fb45fbc6fe97c7d4b2f03180b248940cb3f39dd0d4f95dda18dc057c3b7d3e
  f/internal/ai_agent/main: 3e2f60745d23738181fa0f86bae2aca8eead4655fcb84d15b8139d3e47f4b8f4
  f/internal/message_parser/main: 003cbb32239d8eae58c2d7603ef8bbe4f6a1b2a8c5072d33761e3a271e9a80d4
  f/telegram_send/main: f116b57f515d68c2f03b569658f03d0d7994ed413b1541cd856e4e3234f96e49
