{
  "dependencies": {
    "@total-typescript/ts-reset": "latest",
    "zod": "latest"
  }
}
//bun.lock
{
  "lockfileVersion": 1,
  "configVersion": 1,
  "workspaces": {
    "": {
      "dependencies": {
        "@total-typescript/ts-reset": "latest",
        "zod": "latest",
      },
    },
  },
  "packages": {
    "@total-typescript/ts-reset": ["@total-typescript/ts-reset@0.6.1", "", {}, "sha512-cka47fVSo6lfQDIATYqb/vO1nvFfbPw7uWLayIXIhGETj0wcOOlrlkobOMDNQOFr9QOafegUPq13V2+6vtD7yg=="],

    "zod": ["zod@4.3.6", "", {}, "sha512-rftlrkhHZOcjDwkGlnUtZZkvaPHCsDATp4pGpuOOMDaTdDDXF91wuVDJoWoPsKX/3YPQ5fHuF3STjcYyKr+Qhg=="],
  }
}
